
Microsoft Visual Studio Solution File, Format Version 12.00
# Visual Studio Version 17
VisualStudioVersion = 17.4.33205.214
MinimumVisualStudioVersion = 10.0.40219.1
Project("{FAE04EC0-301F-11D3-BF4B-00C04F79EFBC}") = "Ventana", "Ventana.csproj", "{C1ABBB04-9EDB-4A18-9580-9E34AA75C77B}"
EndProject
Global
	GlobalSection(SolutionConfigurationPlatforms) = preSolution
		Debug|Any CPU = Debug|Any CPU
		Release|Any CPU = Release|Any CPU
	EndGlobalSection
	GlobalSection(ProjectConfigurationPlatforms) = postSolution
		{C1ABBB04-9EDB-4A18-9580-9E34AA75C77B}.Debug|Any CPU.ActiveCfg = Debug|Any CPU
		{C1ABBB04-9EDB-4A18-9580-9E34AA75C77B}.Debug|Any CPU.Build.0 = Debug|Any CPU
		{C1ABBB04-9EDB-4A18-9580-9E34AA75C77B}.Release|Any CPU.ActiveCfg = Release|Any CPU
		{C1ABBB04-9EDB-4A18-9580-9E34AA75C77B}.Release|Any CPU.Build.0 = Release|Any CPU
	EndGlobalSection
	GlobalSection(SolutionProperties) = preSolution
		HideSolutionNode = FALSE
	EndGlobalSection
	GlobalSection(ExtensibilityGlobals) = postSolution
		SolutionGuid = {27D552E4-0BCC-43F6-8D19-7D1E5E475EDC}
	EndGlobalSection
EndGlobal
